
Microsoft Visual Studio Solution File, Format Version 12.00
# Visual Studio 2012
Project("{FAE04EC0-301F-11D3-BF4B-00C04F79EFBC}") = "4_downloadFile", "4_downloadFile\4_downloadFile.csproj", "{3BAE4067-E7F4-46DE-BD9E-688F0253B5B1}"
EndProject
Project("{FAE04EC0-301F-11D3-BF4B-00C04F79EFBC}") = "3_printFileContent", "3_printFileContent\3_printFileContent.csproj", "{4A508EEC-8823-4559-A9E0-E010E0E3BE25}"
EndProject
Project("{FAE04EC0-301F-11D3-BF4B-00C04F79EFBC}") = "2_readNumberMethod", "2_readNumberMethod\2_readNumberMethod.csproj", "{4E9AE83B-CCD5-45EA-B8CA-FC44059EB8F4}"
EndProject
Project("{FAE04EC0-301F-11D3-BF4B-00C04F79EFBC}") = "1_intSquareRoot", "1_intSquareRoot\1_intSquareRoot.csproj", "{1AB86A87-9D4B-4FAD-9E9B-639C6327B575}"
EndProject
Global
	GlobalSection(SolutionConfigurationPlatforms) = preSolution
		Debug|Any CPU = Debug|Any CPU
		Release|Any CPU = Release|Any CPU
	EndGlobalSection
	GlobalSection(ProjectConfigurationPlatforms) = postSolution
		{3BAE4067-E7F4-46DE-BD9E-688F0253B5B1}.Debug|Any CPU.ActiveCfg = Debug|Any CPU
		{3BAE4067-E7F4-46DE-BD9E-688F0253B5B1}.Debug|Any CPU.Build.0 = Debug|Any CPU
		{3BAE4067-E7F4-46DE-BD9E-688F0253B5B1}.Release|Any CPU.ActiveCfg = Release|Any CPU
		{3BAE4067-E7F4-46DE-BD9E-688F0253B5B1}.Release|Any CPU.Build.0 = Release|Any CPU
		{4A508EEC-8823-4559-A9E0-E010E0E3BE25}.Debug|Any CPU.ActiveCfg = Debug|Any CPU
		{4A508EEC-8823-4559-A9E0-E010E0E3BE25}.Debug|Any CPU.Build.0 = Debug|Any CPU
		{4A508EEC-8823-4559-A9E0-E010E0E3BE25}.Release|Any CPU.ActiveCfg = Release|Any CPU
		{4A508EEC-8823-4559-A9E0-E010E0E3BE25}.Release|Any CPU.Build.0 = Release|Any CPU
		{4E9AE83B-CCD5-45EA-B8CA-FC44059EB8F4}.Debug|Any CPU.ActiveCfg = Debug|Any CPU
		{4E9AE83B-CCD5-45EA-B8CA-FC44059EB8F4}.Debug|Any CPU.Build.0 = Debug|Any CPU
		{4E9AE83B-CCD5-45EA-B8CA-FC44059EB8F4}.Release|Any CPU.ActiveCfg = Release|Any CPU
		{4E9AE83B-CCD5-45EA-B8CA-FC44059EB8F4}.Release|Any CPU.Build.0 = Release|Any CPU
		{1AB86A87-9D4B-4FAD-9E9B-639C6327B575}.Debug|Any CPU.ActiveCfg = Debug|Any CPU
		{1AB86A87-9D4B-4FAD-9E9B-639C6327B575}.Debug|Any CPU.Build.0 = Debug|Any CPU
		{1AB86A87-9D4B-4FAD-9E9B-639C6327B575}.Release|Any CPU.ActiveCfg = Release|Any CPU
		{1AB86A87-9D4B-4FAD-9E9B-639C6327B575}.Release|Any CPU.Build.0 = Release|Any CPU
	EndGlobalSection
	GlobalSection(SolutionProperties) = preSolution
		HideSolutionNode = FALSE
	EndGlobalSection
EndGlobal
